
Microsoft Visual Studio Solution File, Format Version 12.00
# Visual Studio Version 16
VisualStudioVersion = 16.0.28315.86
MinimumVisualStudioVersion = 10.0.40219.1
Project("{FAE04EC0-301F-11D3-BF4B-00C04F79EFBC}") = "MiffTheFox.BinString", "MiffTheFox.BinString\MiffTheFox.BinString.csproj", "{203591A4-D0D4-4A7B-86F2-2A55C4D53CC8}"
EndProject
Project("{FAE04EC0-301F-11D3-BF4B-00C04F79EFBC}") = "BinStringTests", "BinStringTests\BinStringTests.csproj", "{3E9F2C51-8AE1-4851-9EE4-551C409CF920}"
EndProject
Project("{2150E333-8FDC-42A3-9474-1A3956D46DE8}") = "Solution Items", "Solution Items", "{2E5E402A-F852-44C3-99EE-5855F8031A69}"
	ProjectSection(SolutionItems) = preProject
		LICENSE.md = LICENSE.md
		README.md = README.md
	EndProjectSection
EndProject
Project("{9A19103F-16F7-4668-BE54-9A1E7A4F7556}") = "MiffTheFox.BinStringStandard", "MiffTheFox.BinStringStandard\MiffTheFox.BinStringStandard.csproj", "{9F11C611-1B1A-42AC-8F5B-9A3A1CF5957E}"
EndProject
Project("{FAE04EC0-301F-11D3-BF4B-00C04F79EFBC}") = "MiffTheFox.BinStringCore", "MiffTheFox.BinStringCore\MiffTheFox.BinStringCore.csproj", "{6684C22C-C064-400D-A453-ACC20E008B72}"
EndProject
Project("{FAE04EC0-301F-11D3-BF4B-00C04F79EFBC}") = "BinStringCoreTests", "BinStringCoreTests\BinStringCoreTests.csproj", "{6E1E96D8-E845-4A85-824B-EED5F3D17FB7}"
EndProject
Global
	GlobalSection(SolutionConfigurationPlatforms) = preSolution
		Debug|Any CPU = Debug|Any CPU
		Release|Any CPU = Release|Any CPU
	EndGlobalSection
	GlobalSection(ProjectConfigurationPlatforms) = postSolution
		{203591A4-D0D4-4A7B-86F2-2A55C4D53CC8}.Debug|Any CPU.ActiveCfg = Debug|Any CPU
		{203591A4-D0D4-4A7B-86F2-2A55C4D53CC8}.Debug|Any CPU.Build.0 = Debug|Any CPU
		{203591A4-D0D4-4A7B-86F2-2A55C4D53CC8}.Release|Any CPU.ActiveCfg = Release|Any CPU
		{203591A4-D0D4-4A7B-86F2-2A55C4D53CC8}.Release|Any CPU.Build.0 = Release|Any CPU
		{3E9F2C51-8AE1-4851-9EE4-551C409CF920}.Debug|Any CPU.ActiveCfg = Debug|Any CPU
		{3E9F2C51-8AE1-4851-9EE4-551C409CF920}.Debug|Any CPU.Build.0 = Debug|Any CPU
		{3E9F2C51-8AE1-4851-9EE4-551C409CF920}.Release|Any CPU.ActiveCfg = Release|Any CPU
		{3E9F2C51-8AE1-4851-9EE4-551C409CF920}.Release|Any CPU.Build.0 = Release|Any CPU
		{9F11C611-1B1A-42AC-8F5B-9A3A1CF5957E}.Debug|Any CPU.ActiveCfg = Debug|Any CPU
		{9F11C611-1B1A-42AC-8F5B-9A3A1CF5957E}.Debug|Any CPU.Build.0 = Debug|Any CPU
		{9F11C611-1B1A-42AC-8F5B-9A3A1CF5957E}.Release|Any CPU.ActiveCfg = Release|Any CPU
		{9F11C611-1B1A-42AC-8F5B-9A3A1CF5957E}.Release|Any CPU.Build.0 = Release|Any CPU
		{6684C22C-C064-400D-A453-ACC20E008B72}.Debug|Any CPU.ActiveCfg = Debug|Any CPU
		{6684C22C-C064-400D-A453-ACC20E008B72}.Debug|Any CPU.Build.0 = Debug|Any CPU
		{6684C22C-C064-400D-A453-ACC20E008B72}.Release|Any CPU.ActiveCfg = Release|Any CPU
		{6684C22C-C064-400D-A453-ACC20E008B72}.Release|Any CPU.Build.0 = Release|Any CPU
		{6E1E96D8-E845-4A85-824B-EED5F3D17FB7}.Debug|Any CPU.ActiveCfg = Debug|Any CPU
		{6E1E96D8-E845-4A85-824B-EED5F3D17FB7}.Debug|Any CPU.Build.0 = Debug|Any CPU
		{6E1E96D8-E845-4A85-824B-EED5F3D17FB7}.Release|Any CPU.ActiveCfg = Release|Any CPU
		{6E1E96D8-E845-4A85-824B-EED5F3D17FB7}.Release|Any CPU.Build.0 = Release|Any CPU
	EndGlobalSection
	GlobalSection(SolutionProperties) = preSolution
		HideSolutionNode = FALSE
	EndGlobalSection
	GlobalSection(ExtensibilityGlobals) = postSolution
		SolutionGuid = {69101660-1B37-4ABB-B52D-FA712F131CF9}
	EndGlobalSection
EndGlobal
